
Microsoft Visual Studio Solution File, Format Version 12.00
# Visual Studio 15
VisualStudioVersion = 15.0.27703.2035
MinimumVisualStudioVersion = 10.0.40219.1
Project("{8BC9CEB8-8B4A-11D0-8D11-00A0C91BC942}") = "AstraEngine", "AstraEngine\AstraEngine.vcxproj", "{18BEB209-C182-4530-8ED5-B3CEBFA27BE7}"
EndProject
Project("{8BC9CEB8-8B4A-11D0-8D11-00A0C91BC942}") = "AstraTest", "AstraTest\AstraTest.vcxproj", "{8659BE4D-FE1F-41D2-8647-A8FAA6D7D76B}"
EndProject
Project("{8BC9CEB8-8B4A-11D0-8D11-00A0C91BC942}") = "AdAstra", "AdAstra\AdAstra.vcxproj", "{8A2025B1-E8A2-4A0E-8582-249F4510ECB9}"
EndProject
Global
	GlobalSection(SolutionConfigurationPlatforms) = preSolution
		Debug|x64 = Debug|x64
		Debug|x86 = Debug|x86
		Release|x64 = Release|x64
		Release|x86 = Release|x86
	EndGlobalSection
	GlobalSection(ProjectConfigurationPlatforms) = postSolution
		{18BEB209-C182-4530-8ED5-B3CEBFA27BE7}.Debug|x64.ActiveCfg = Debug|x64
		{18BEB209-C182-4530-8ED5-B3CEBFA27BE7}.Debug|x64.Build.0 = Debug|x64
		{18BEB209-C182-4530-8ED5-B3CEBFA27BE7}.Debug|x86.ActiveCfg = Debug|Win32
		{18BEB209-C182-4530-8ED5-B3CEBFA27BE7}.Debug|x86.Build.0 = Debug|Win32
		{18BEB209-C182-4530-8ED5-B3CEBFA27BE7}.Release|x64.ActiveCfg = Release|x64
		{18BEB209-C182-4530-8ED5-B3CEBFA27BE7}.Release|x64.Build.0 = Release|x64
		{18BEB209-C182-4530-8ED5-B3CEBFA27BE7}.Release|x86.ActiveCfg = Release|Win32
		{18BEB209-C182-4530-8ED5-B3CEBFA27BE7}.Release|x86.Build.0 = Release|Win32
		{8659BE4D-FE1F-41D2-8647-A8FAA6D7D76B}.Debug|x64.ActiveCfg = Debug|Win32
		{8659BE4D-FE1F-41D2-8647-A8FAA6D7D76B}.Debug|x86.ActiveCfg = Debug|Win32
		{8659BE4D-FE1F-41D2-8647-A8FAA6D7D76B}.Debug|x86.Build.0 = Debug|Win32
		{8659BE4D-FE1F-41D2-8647-A8FAA6D7D76B}.Release|x64.ActiveCfg = Release|Win32
		{8659BE4D-FE1F-41D2-8647-A8FAA6D7D76B}.Release|x86.ActiveCfg = Release|Win32
		{8659BE4D-FE1F-41D2-8647-A8FAA6D7D76B}.Release|x86.Build.0 = Release|Win32
		{8A2025B1-E8A2-4A0E-8582-249F4510ECB9}.Debug|x64.ActiveCfg = Debug|x64
		{8A2025B1-E8A2-4A0E-8582-249F4510ECB9}.Debug|x64.Build.0 = Debug|x64
		{8A2025B1-E8A2-4A0E-8582-249F4510ECB9}.Debug|x86.ActiveCfg = Debug|Win32
		{8A2025B1-E8A2-4A0E-8582-249F4510ECB9}.Debug|x86.Build.0 = Debug|Win32
		{8A2025B1-E8A2-4A0E-8582-249F4510ECB9}.Release|x64.ActiveCfg = Release|x64
		{8A2025B1-E8A2-4A0E-8582-249F4510ECB9}.Release|x64.Build.0 = Release|x64
		{8A2025B1-E8A2-4A0E-8582-249F4510ECB9}.Release|x86.ActiveCfg = Release|Win32
		{8A2025B1-E8A2-4A0E-8582-249F4510ECB9}.Release|x86.Build.0 = Release|Win32
	EndGlobalSection
	GlobalSection(SolutionProperties) = preSolution
		HideSolutionNode = FALSE
	EndGlobalSection
	GlobalSection(ExtensibilityGlobals) = postSolution
		SolutionGuid = {B287FFAF-A8DC-418F-87A6-FE81ABD2A54F}
	EndGlobalSection
EndGlobal
